// !$*UTF8*$!
{
	archiveVersion = 1;
	classes = {
	};
	objectVersion = 55;
	objects = {

/* Begin PBXBuildFile section */
		E544DD64274EF435005B18E5 /* TextLayout+Extension.swift in Sources */ = {isa = PBXBuildFile; fileRef = E544DD63274EF435005B18E5 /* TextLayout+Extension.swift */; };
		E5548618274E919B0015DB03 /* AppDelegate.swift in Sources */ = {isa = PBXBuildFile; fileRef = E5548617274E919B0015DB03 /* AppDelegate.swift */; };
		E554861A274E919B0015DB03 /* SceneDelegate.swift in Sources */ = {isa = PBXBuildFile; fileRef = E5548619274E919B0015DB03 /* SceneDelegate.swift */; };
		E554861C274E919B0015DB03 /* ViewController.swift in Sources */ = {isa = PBXBuildFile; fileRef = E554861B274E919B0015DB03 /* ViewController.swift */; };
		E554861F274E919B0015DB03 /* Main.storyboard in Resources */ = {isa = PBXBuildFile; fileRef = E554861D274E919B0015DB03 /* Main.storyboard */; };
		E5548621274E919E0015DB03 /* Assets.xcassets in Resources */ = {isa = PBXBuildFile; fileRef = E5548620274E919E0015DB03 /* Assets.xcassets */; };
		E5548624274E919E0015DB03 /* LaunchScreen.storyboard in Resources */ = {isa = PBXBuildFile; fileRef = E5548622274E919E0015DB03 /* LaunchScreen.storyboard */; };
		E554862F274E919F0015DB03 /* PokedexTests.swift in Sources */ = {isa = PBXBuildFile; fileRef = E554862E274E919F0015DB03 /* PokedexTests.swift */; };
		E5548639274E919F0015DB03 /* PokedexUITests.swift in Sources */ = {isa = PBXBuildFile; fileRef = E5548638274E919F0015DB03 /* PokedexUITests.swift */; };
		E554863B274E919F0015DB03 /* PokedexUITestsLaunchTests.swift in Sources */ = {isa = PBXBuildFile; fileRef = E554863A274E919F0015DB03 /* PokedexUITestsLaunchTests.swift */; };
		E5E093B8274EA34500694309 /* Environment.swift in Sources */ = {isa = PBXBuildFile; fileRef = E5E09396274EA34400694309 /* Environment.swift */; };
		E5E093B9274EA34500694309 /* MainEnvironment.swift in Sources */ = {isa = PBXBuildFile; fileRef = E5E09398274EA34400694309 /* MainEnvironment.swift */; };
		E5E093BB274EA34500694309 /* URLSessionOperation.swift in Sources */ = {isa = PBXBuildFile; fileRef = E5E0939C274EA34400694309 /* URLSessionOperation.swift */; };
		E5E093BC274EA34500694309 /* NetworkResponse.swift in Sources */ = {isa = PBXBuildFile; fileRef = E5E0939D274EA34400694309 /* NetworkResponse.swift */; };
		E5E093BD274EA34500694309 /* Network.swift in Sources */ = {isa = PBXBuildFile; fileRef = E5E0939E274EA34400694309 /* Network.swift */; };
		E5E093BE274EA34500694309 /* URLSessionNetwork.swift in Sources */ = {isa = PBXBuildFile; fileRef = E5E0939F274EA34400694309 /* URLSessionNetwork.swift */; };
		E5E093BF274EA34500694309 /* NetworkRequest.swift in Sources */ = {isa = PBXBuildFile; fileRef = E5E093A0274EA34400694309 /* NetworkRequest.swift */; };
		E5E093C0274EA34500694309 /* StatusCodeOperation.swift in Sources */ = {isa = PBXBuildFile; fileRef = E5E093A3274EA34400694309 /* StatusCodeOperation.swift */; };
		E5E093C1274EA34500694309 /* NetworkOperation.swift in Sources */ = {isa = PBXBuildFile; fileRef = E5E093A4274EA34400694309 /* NetworkOperation.swift */; };
		E5E093C2274EA34500694309 /* MappingOperation.swift in Sources */ = {isa = PBXBuildFile; fileRef = E5E093A5274EA34400694309 /* MappingOperation.swift */; };
		E5E093C3274EA34500694309 /* OperationPromise.swift in Sources */ = {isa = PBXBuildFile; fileRef = E5E093A7274EA34400694309 /* OperationPromise.swift */; };
		E5E093C4274EA34500694309 /* StandardOperation.swift in Sources */ = {isa = PBXBuildFile; fileRef = E5E093A8274EA34400694309 /* StandardOperation.swift */; };
		E5E093C5274EA34500694309 /* BaseOperations.swift in Sources */ = {isa = PBXBuildFile; fileRef = E5E093A9274EA34400694309 /* BaseOperations.swift */; };
		E5E093C8274EA34500694309 /* Result.swift in Sources */ = {isa = PBXBuildFile; fileRef = E5E093AD274EA34500694309 /* Result.swift */; };
		E5E093C9274EA34500694309 /* Core.swift in Sources */ = {isa = PBXBuildFile; fileRef = E5E093AE274EA34500694309 /* Core.swift */; };
		E5E093CA274EA34500694309 /* Statistics.swift in Sources */ = {isa = PBXBuildFile; fileRef = E5E093B0274EA34500694309 /* Statistics.swift */; };
		E5E093CB274EA34500694309 /* CacheObject.swift in Sources */ = {isa = PBXBuildFile; fileRef = E5E093B1274EA34500694309 /* CacheObject.swift */; };
		E5E093CC274EA34500694309 /* NetworkCache.swift in Sources */ = {isa = PBXBuildFile; fileRef = E5E093B2274EA34500694309 /* NetworkCache.swift */; };
		E5E093CD274EA34500694309 /* BaseService.swift in Sources */ = {isa = PBXBuildFile; fileRef = E5E093B6274EA34500694309 /* BaseService.swift */; };
		E5E093CE274EA34500694309 /* ServiceError.swift in Sources */ = {isa = PBXBuildFile; fileRef = E5E093B7274EA34500694309 /* ServiceError.swift */; };
		E5E0942E274EA49E00694309 /* TextLayoutCombiner.swift in Sources */ = {isa = PBXBuildFile; fileRef = E5E093D1274EA49E00694309 /* TextLayoutCombiner.swift */; };
		E5E09433274EA49E00694309 /* TextFieldLayout.swift in Sources */ = {isa = PBXBuildFile; fileRef = E5E093D7274EA49E00694309 /* TextFieldLayout.swift */; };
		E5E09434274EA49E00694309 /* ColorLayout.swift in Sources */ = {isa = PBXBuildFile; fileRef = E5E093D8274EA49E00694309 /* ColorLayout.swift */; };
		E5E09435274EA49E00694309 /* ButtonLayout.swift in Sources */ = {isa = PBXBuildFile; fileRef = E5E093D9274EA49E00694309 /* ButtonLayout.swift */; };
		E5E09436274EA49E00694309 /* TextViewLayout.swift in Sources */ = {isa = PBXBuildFile; fileRef = E5E093DA274EA49E00694309 /* TextViewLayout.swift */; };
		E5E09437274EA49E00694309 /* TextLayout.swift in Sources */ = {isa = PBXBuildFile; fileRef = E5E093DB274EA49E00694309 /* TextLayout.swift */; };
		E5E09438274EA49E00694309 /* FontLayout.swift in Sources */ = {isa = PBXBuildFile; fileRef = E5E093DC274EA49E00694309 /* FontLayout.swift */; };
		E5E09439274EA49E00694309 /* VoidCoordiantor.swift in Sources */ = {isa = PBXBuildFile; fileRef = E5E093DF274EA49E00694309 /* VoidCoordiantor.swift */; };
		E5E0943A274EA49E00694309 /* BaseCoordinator.swift in Sources */ = {isa = PBXBuildFile; fileRef = E5E093E0274EA49E00694309 /* BaseCoordinator.swift */; };
		E5E0943B274EA49E00694309 /* Coordinator.swift in Sources */ = {isa = PBXBuildFile; fileRef = E5E093E1274EA49E00694309 /* Coordinator.swift */; };
		E5E0943C274EA49E00694309 /* StandardNavigator.swift in Sources */ = {isa = PBXBuildFile; fileRef = E5E093E2274EA49E00694309 /* StandardNavigator.swift */; };
		E5E0943D274EA49E00694309 /* Context.swift in Sources */ = {isa = PBXBuildFile; fileRef = E5E093E3274EA49E00694309 /* Context.swift */; };
		E5E0943E274EA49E00694309 /* Navigator.swift in Sources */ = {isa = PBXBuildFile; fileRef = E5E093E4274EA49E00694309 /* Navigator.swift */; };
		E5E09463274EA49E00694309 /* Messenger.swift in Sources */ = {isa = PBXBuildFile; fileRef = E5E0942C274EA49E00694309 /* Messenger.swift */; };
		E5E09464274EA49E00694309 /* StandardMessenger.swift in Sources */ = {isa = PBXBuildFile; fileRef = E5E0942D274EA49E00694309 /* StandardMessenger.swift */; };
		E5E094BC274EA4AE00694309 /* UIView.swift in Sources */ = {isa = PBXBuildFile; fileRef = E5E094A8274EA4AE00694309 /* UIView.swift */; };
		E5E094BD274EA4AE00694309 /* RawRepresentable.swift in Sources */ = {isa = PBXBuildFile; fileRef = E5E094A9274EA4AE00694309 /* RawRepresentable.swift */; };
		E5E094BF274EA4AE00694309 /* Dictionary.swift in Sources */ = {isa = PBXBuildFile; fileRef = E5E094AB274EA4AE00694309 /* Dictionary.swift */; };
		E5E094C0274EA4AE00694309 /* String.swift in Sources */ = {isa = PBXBuildFile; fileRef = E5E094AC274EA4AE00694309 /* String.swift */; };
		E5E094C1274EA4AE00694309 /* UIButton.swift in Sources */ = {isa = PBXBuildFile; fileRef = E5E094AD274EA4AE00694309 /* UIButton.swift */; };
		E5E094C4274EA4AE00694309 /* DateFormatter.swift in Sources */ = {isa = PBXBuildFile; fileRef = E5E094B0274EA4AE00694309 /* DateFormatter.swift */; };
		E5E094C6274EA4AE00694309 /* Optional.swift in Sources */ = {isa = PBXBuildFile; fileRef = E5E094B2274EA4AE00694309 /* Optional.swift */; };
		E5E094C7274EA4AE00694309 /* ComponentContainer.swift in Sources */ = {isa = PBXBuildFile; fileRef = E5E094B4274EA4AE00694309 /* ComponentContainer.swift */; };
		E5E094C8274EA4AE00694309 /* Container.swift in Sources */ = {isa = PBXBuildFile; fileRef = E5E094B5274EA4AE00694309 /* Container.swift */; };
		E5E094C9274EA4AE00694309 /* SessionServiceCore.swift in Sources */ = {isa = PBXBuildFile; fileRef = E5E094B7274EA4AE00694309 /* SessionServiceCore.swift */; };
		E5E094CA274EA4AE00694309 /* SessionService.swift in Sources */ = {isa = PBXBuildFile; fileRef = E5E094B8274EA4AE00694309 /* SessionService.swift */; };
		E5E094CB274EA4AE00694309 /* Localizable.strings in Resources */ = {isa = PBXBuildFile; fileRef = E5E094BA274EA4AE00694309 /* Localizable.strings */; };
		E5E094CC274EA4AE00694309 /* Localizer.swift in Sources */ = {isa = PBXBuildFile; fileRef = E5E094BB274EA4AE00694309 /* Localizer.swift */; };
		E5E7DA1A274FD6A300606A7F /* BaseViewController.swift in Sources */ = {isa = PBXBuildFile; fileRef = E5E7DA19274FD6A300606A7F /* BaseViewController.swift */; };
/* End PBXBuildFile section */

/* Begin PBXContainerItemProxy section */
		E554862B274E919F0015DB03 /* PBXContainerItemProxy */ = {
			isa = PBXContainerItemProxy;
			containerPortal = E554860C274E919B0015DB03 /* Project object */;
			proxyType = 1;
			remoteGlobalIDString = E5548613274E919B0015DB03;
			remoteInfo = Pokedex;
		};
		E5548635274E919F0015DB03 /* PBXContainerItemProxy */ = {
			isa = PBXContainerItemProxy;
			containerPortal = E554860C274E919B0015DB03 /* Project object */;
			proxyType = 1;
			remoteGlobalIDString = E5548613274E919B0015DB03;
			remoteInfo = Pokedex;
		};
/* End PBXContainerItemProxy section */

/* Begin PBXFileReference section */
		E544DD63274EF435005B18E5 /* TextLayout+Extension.swift */ = {isa = PBXFileReference; lastKnownFileType = sourcecode.swift; path = "TextLayout+Extension.swift"; sourceTree = "<group>"; };
		E5548614274E919B0015DB03 /* Pokedex.app */ = {isa = PBXFileReference; explicitFileType = wrapper.application; includeInIndex = 0; path = Pokedex.app; sourceTree = BUILT_PRODUCTS_DIR; };
		E5548617274E919B0015DB03 /* AppDelegate.swift */ = {isa = PBXFileReference; lastKnownFileType = sourcecode.swift; path = AppDelegate.swift; sourceTree = "<group>"; };
		E5548619274E919B0015DB03 /* SceneDelegate.swift */ = {isa = PBXFileReference; lastKnownFileType = sourcecode.swift; path = SceneDelegate.swift; sourceTree = "<group>"; };
		E554861B274E919B0015DB03 /* ViewController.swift */ = {isa = PBXFileReference; lastKnownFileType = sourcecode.swift; path = ViewController.swift; sourceTree = "<group>"; };
		E554861E274E919B0015DB03 /* Base */ = {isa = PBXFileReference; lastKnownFileType = file.storyboard; name = Base; path = Base.lproj/Main.storyboard; sourceTree = "<group>"; };
		E5548620274E919E0015DB03 /* Assets.xcassets */ = {isa = PBXFileReference; lastKnownFileType = folder.assetcatalog; path = Assets.xcassets; sourceTree = "<group>"; };
		E5548623274E919E0015DB03 /* Base */ = {isa = PBXFileReference; lastKnownFileType = file.storyboard; name = Base; path = Base.lproj/LaunchScreen.storyboard; sourceTree = "<group>"; };
		E5548625274E919E0015DB03 /* Info.plist */ = {isa = PBXFileReference; lastKnownFileType = text.plist.xml; path = Info.plist; sourceTree = "<group>"; };
		E554862A274E919F0015DB03 /* PokedexTests.xctest */ = {isa = PBXFileReference; explicitFileType = wrapper.cfbundle; includeInIndex = 0; path = PokedexTests.xctest; sourceTree = BUILT_PRODUCTS_DIR; };
		E554862E274E919F0015DB03 /* PokedexTests.swift */ = {isa = PBXFileReference; lastKnownFileType = sourcecode.swift; path = PokedexTests.swift; sourceTree = "<group>"; };
		E5548634274E919F0015DB03 /* PokedexUITests.xctest */ = {isa = PBXFileReference; explicitFileType = wrapper.cfbundle; includeInIndex = 0; path = PokedexUITests.xctest; sourceTree = BUILT_PRODUCTS_DIR; };
		E5548638274E919F0015DB03 /* PokedexUITests.swift */ = {isa = PBXFileReference; lastKnownFileType = sourcecode.swift; path = PokedexUITests.swift; sourceTree = "<group>"; };
		E554863A274E919F0015DB03 /* PokedexUITestsLaunchTests.swift */ = {isa = PBXFileReference; lastKnownFileType = sourcecode.swift; path = PokedexUITestsLaunchTests.swift; sourceTree = "<group>"; };
		E5E09396274EA34400694309 /* Environment.swift */ = {isa = PBXFileReference; fileEncoding = 4; lastKnownFileType = sourcecode.swift; path = Environment.swift; sourceTree = "<group>"; };
		E5E09398274EA34400694309 /* MainEnvironment.swift */ = {isa = PBXFileReference; fileEncoding = 4; lastKnownFileType = sourcecode.swift; path = MainEnvironment.swift; sourceTree = "<group>"; };
		E5E0939C274EA34400694309 /* URLSessionOperation.swift */ = {isa = PBXFileReference; fileEncoding = 4; lastKnownFileType = sourcecode.swift; path = URLSessionOperation.swift; sourceTree = "<group>"; };
		E5E0939D274EA34400694309 /* NetworkResponse.swift */ = {isa = PBXFileReference; fileEncoding = 4; lastKnownFileType = sourcecode.swift; path = NetworkResponse.swift; sourceTree = "<group>"; };
		E5E0939E274EA34400694309 /* Network.swift */ = {isa = PBXFileReference; fileEncoding = 4; lastKnownFileType = sourcecode.swift; path = Network.swift; sourceTree = "<group>"; };
		E5E0939F274EA34400694309 /* URLSessionNetwork.swift */ = {isa = PBXFileReference; fileEncoding = 4; lastKnownFileType = sourcecode.swift; path = URLSessionNetwork.swift; sourceTree = "<group>"; };
		E5E093A0274EA34400694309 /* NetworkRequest.swift */ = {isa = PBXFileReference; fileEncoding = 4; lastKnownFileType = sourcecode.swift; path = NetworkRequest.swift; sourceTree = "<group>"; };
		E5E093A3274EA34400694309 /* StatusCodeOperation.swift */ = {isa = PBXFileReference; fileEncoding = 4; lastKnownFileType = sourcecode.swift; path = StatusCodeOperation.swift; sourceTree = "<group>"; };
		E5E093A4274EA34400694309 /* NetworkOperation.swift */ = {isa = PBXFileReference; fileEncoding = 4; lastKnownFileType = sourcecode.swift; path = NetworkOperation.swift; sourceTree = "<group>"; };
		E5E093A5274EA34400694309 /* MappingOperation.swift */ = {isa = PBXFileReference; fileEncoding = 4; lastKnownFileType = sourcecode.swift; path = MappingOperation.swift; sourceTree = "<group>"; };
		E5E093A7274EA34400694309 /* OperationPromise.swift */ = {isa = PBXFileReference; fileEncoding = 4; lastKnownFileType = sourcecode.swift; path = OperationPromise.swift; sourceTree = "<group>"; };
		E5E093A8274EA34400694309 /* StandardOperation.swift */ = {isa = PBXFileReference; fileEncoding = 4; lastKnownFileType = sourcecode.swift; path = StandardOperation.swift; sourceTree = "<group>"; };
		E5E093A9274EA34400694309 /* BaseOperations.swift */ = {isa = PBXFileReference; fileEncoding = 4; lastKnownFileType = sourcecode.swift; path = BaseOperations.swift; sourceTree = "<group>"; };
		E5E093AD274EA34500694309 /* Result.swift */ = {isa = PBXFileReference; fileEncoding = 4; lastKnownFileType = sourcecode.swift; path = Result.swift; sourceTree = "<group>"; };
		E5E093AE274EA34500694309 /* Core.swift */ = {isa = PBXFileReference; fileEncoding = 4; lastKnownFileType = sourcecode.swift; path = Core.swift; sourceTree = "<group>"; };
		E5E093B0274EA34500694309 /* Statistics.swift */ = {isa = PBXFileReference; fileEncoding = 4; lastKnownFileType = sourcecode.swift; path = Statistics.swift; sourceTree = "<group>"; };
		E5E093B1274EA34500694309 /* CacheObject.swift */ = {isa = PBXFileReference; fileEncoding = 4; lastKnownFileType = sourcecode.swift; path = CacheObject.swift; sourceTree = "<group>"; };
		E5E093B2274EA34500694309 /* NetworkCache.swift */ = {isa = PBXFileReference; fileEncoding = 4; lastKnownFileType = sourcecode.swift; path = NetworkCache.swift; sourceTree = "<group>"; };
		E5E093B6274EA34500694309 /* BaseService.swift */ = {isa = PBXFileReference; fileEncoding = 4; lastKnownFileType = sourcecode.swift; path = BaseService.swift; sourceTree = "<group>"; };
		E5E093B7274EA34500694309 /* ServiceError.swift */ = {isa = PBXFileReference; fileEncoding = 4; lastKnownFileType = sourcecode.swift; path = ServiceError.swift; sourceTree = "<group>"; };
		E5E093D1274EA49E00694309 /* TextLayoutCombiner.swift */ = {isa = PBXFileReference; fileEncoding = 4; lastKnownFileType = sourcecode.swift; path = TextLayoutCombiner.swift; sourceTree = "<group>"; };
		E5E093D7274EA49E00694309 /* TextFieldLayout.swift */ = {isa = PBXFileReference; fileEncoding = 4; lastKnownFileType = sourcecode.swift; path = TextFieldLayout.swift; sourceTree = "<group>"; };
		E5E093D8274EA49E00694309 /* ColorLayout.swift */ = {isa = PBXFileReference; fileEncoding = 4; lastKnownFileType = sourcecode.swift; path = ColorLayout.swift; sourceTree = "<group>"; };
		E5E093D9274EA49E00694309 /* ButtonLayout.swift */ = {isa = PBXFileReference; fileEncoding = 4; lastKnownFileType = sourcecode.swift; path = ButtonLayout.swift; sourceTree = "<group>"; };
		E5E093DA274EA49E00694309 /* TextViewLayout.swift */ = {isa = PBXFileReference; fileEncoding = 4; lastKnownFileType = sourcecode.swift; path = TextViewLayout.swift; sourceTree = "<group>"; };
		E5E093DB274EA49E00694309 /* TextLayout.swift */ = {isa = PBXFileReference; fileEncoding = 4; lastKnownFileType = sourcecode.swift; path = TextLayout.swift; sourceTree = "<group>"; };
		E5E093DC274EA49E00694309 /* FontLayout.swift */ = {isa = PBXFileReference; fileEncoding = 4; lastKnownFileType = sourcecode.swift; path = FontLayout.swift; sourceTree = "<group>"; };
		E5E093DF274EA49E00694309 /* VoidCoordiantor.swift */ = {isa = PBXFileReference; fileEncoding = 4; lastKnownFileType = sourcecode.swift; path = VoidCoordiantor.swift; sourceTree = "<group>"; };
		E5E093E0274EA49E00694309 /* BaseCoordinator.swift */ = {isa = PBXFileReference; fileEncoding = 4; lastKnownFileType = sourcecode.swift; path = BaseCoordinator.swift; sourceTree = "<group>"; };
		E5E093E1274EA49E00694309 /* Coordinator.swift */ = {isa = PBXFileReference; fileEncoding = 4; lastKnownFileType = sourcecode.swift; path = Coordinator.swift; sourceTree = "<group>"; };
		E5E093E2274EA49E00694309 /* StandardNavigator.swift */ = {isa = PBXFileReference; fileEncoding = 4; lastKnownFileType = sourcecode.swift; path = StandardNavigator.swift; sourceTree = "<group>"; };
		E5E093E3274EA49E00694309 /* Context.swift */ = {isa = PBXFileReference; fileEncoding = 4; lastKnownFileType = sourcecode.swift; path = Context.swift; sourceTree = "<group>"; };
		E5E093E4274EA49E00694309 /* Navigator.swift */ = {isa = PBXFileReference; fileEncoding = 4; lastKnownFileType = sourcecode.swift; path = Navigator.swift; sourceTree = "<group>"; };
		E5E0942C274EA49E00694309 /* Messenger.swift */ = {isa = PBXFileReference; fileEncoding = 4; lastKnownFileType = sourcecode.swift; path = Messenger.swift; sourceTree = "<group>"; };
		E5E0942D274EA49E00694309 /* StandardMessenger.swift */ = {isa = PBXFileReference; fileEncoding = 4; lastKnownFileType = sourcecode.swift; path = StandardMessenger.swift; sourceTree = "<group>"; };
		E5E094A8274EA4AE00694309 /* UIView.swift */ = {isa = PBXFileReference; fileEncoding = 4; lastKnownFileType = sourcecode.swift; path = UIView.swift; sourceTree = "<group>"; };
		E5E094A9274EA4AE00694309 /* RawRepresentable.swift */ = {isa = PBXFileReference; fileEncoding = 4; lastKnownFileType = sourcecode.swift; path = RawRepresentable.swift; sourceTree = "<group>"; };
		E5E094AB274EA4AE00694309 /* Dictionary.swift */ = {isa = PBXFileReference; fileEncoding = 4; lastKnownFileType = sourcecode.swift; path = Dictionary.swift; sourceTree = "<group>"; };
		E5E094AC274EA4AE00694309 /* String.swift */ = {isa = PBXFileReference; fileEncoding = 4; lastKnownFileType = sourcecode.swift; path = String.swift; sourceTree = "<group>"; };
		E5E094AD274EA4AE00694309 /* UIButton.swift */ = {isa = PBXFileReference; fileEncoding = 4; lastKnownFileType = sourcecode.swift; path = UIButton.swift; sourceTree = "<group>"; };
		E5E094B0274EA4AE00694309 /* DateFormatter.swift */ = {isa = PBXFileReference; fileEncoding = 4; lastKnownFileType = sourcecode.swift; path = DateFormatter.swift; sourceTree = "<group>"; };
		E5E094B2274EA4AE00694309 /* Optional.swift */ = {isa = PBXFileReference; fileEncoding = 4; lastKnownFileType = sourcecode.swift; path = Optional.swift; sourceTree = "<group>"; };
		E5E094B4274EA4AE00694309 /* ComponentContainer.swift */ = {isa = PBXFileReference; fileEncoding = 4; lastKnownFileType = sourcecode.swift; path = ComponentContainer.swift; sourceTree = "<group>"; };
		E5E094B5274EA4AE00694309 /* Container.swift */ = {isa = PBXFileReference; fileEncoding = 4; lastKnownFileType = sourcecode.swift; path = Container.swift; sourceTree = "<group>"; };
		E5E094B7274EA4AE00694309 /* SessionServiceCore.swift */ = {isa = PBXFileReference; fileEncoding = 4; lastKnownFileType = sourcecode.swift; path = SessionServiceCore.swift; sourceTree = "<group>"; };
		E5E094B8274EA4AE00694309 /* SessionService.swift */ = {isa = PBXFileReference; fileEncoding = 4; lastKnownFileType = sourcecode.swift; path = SessionService.swift; sourceTree = "<group>"; };
		E5E094BA274EA4AE00694309 /* Localizable.strings */ = {isa = PBXFileReference; fileEncoding = 4; lastKnownFileType = text.plist.strings; path = Localizable.strings; sourceTree = "<group>"; };
		E5E094BB274EA4AE00694309 /* Localizer.swift */ = {isa = PBXFileReference; fileEncoding = 4; lastKnownFileType = sourcecode.swift; path = Localizer.swift; sourceTree = "<group>"; };
		E5E7DA19274FD6A300606A7F /* BaseViewController.swift */ = {isa = PBXFileReference; lastKnownFileType = sourcecode.swift; path = BaseViewController.swift; sourceTree = "<group>"; };
/* End PBXFileReference section */

/* Begin PBXFrameworksBuildPhase section */
		E5548611274E919B0015DB03 /* Frameworks */ = {
			isa = PBXFrameworksBuildPhase;
			buildActionMask = 2147483647;
			files = (
			);
			runOnlyForDeploymentPostprocessing = 0;
		};
		E5548627274E919F0015DB03 /* Frameworks */ = {
			isa = PBXFrameworksBuildPhase;
			buildActionMask = 2147483647;
			files = (
			);
			runOnlyForDeploymentPostprocessing = 0;
		};
		E5548631274E919F0015DB03 /* Frameworks */ = {
			isa = PBXFrameworksBuildPhase;
			buildActionMask = 2147483647;
			files = (
			);
			runOnlyForDeploymentPostprocessing = 0;
		};
/* End PBXFrameworksBuildPhase section */

/* Begin PBXGroup section */
		E544DD62274EF41E005B18E5 /* Layout+extension */ = {
			isa = PBXGroup;
			children = (
				E544DD63274EF435005B18E5 /* TextLayout+Extension.swift */,
			);
			path = "Layout+extension";
			sourceTree = "<group>";
		};
		E554860B274E919B0015DB03 = {
			isa = PBXGroup;
			children = (
				E5548616274E919B0015DB03 /* Pokedex */,
				E554862D274E919F0015DB03 /* PokedexTests */,
				E5548637274E919F0015DB03 /* PokedexUITests */,
				E5548615274E919B0015DB03 /* Products */,
			);
			sourceTree = "<group>";
		};
		E5548615274E919B0015DB03 /* Products */ = {
			isa = PBXGroup;
			children = (
				E5548614274E919B0015DB03 /* Pokedex.app */,
				E554862A274E919F0015DB03 /* PokedexTests.xctest */,
				E5548634274E919F0015DB03 /* PokedexUITests.xctest */,
			);
			name = Products;
			sourceTree = "<group>";
		};
		E5548616274E919B0015DB03 /* Pokedex */ = {
			isa = PBXGroup;
			children = (
				E5E094A6274EA4AE00694309 /* Common */,
				E5E093CF274EA49E00694309 /* Sources */,
				E5E09395274EA34400694309 /* Core */,
				E5548617274E919B0015DB03 /* AppDelegate.swift */,
				E5548619274E919B0015DB03 /* SceneDelegate.swift */,
				E554861B274E919B0015DB03 /* ViewController.swift */,
				E554861D274E919B0015DB03 /* Main.storyboard */,
				E5548620274E919E0015DB03 /* Assets.xcassets */,
				E5548622274E919E0015DB03 /* LaunchScreen.storyboard */,
				E5548625274E919E0015DB03 /* Info.plist */,
			);
			path = Pokedex;
			sourceTree = "<group>";
		};
		E554862D274E919F0015DB03 /* PokedexTests */ = {
			isa = PBXGroup;
			children = (
				E554862E274E919F0015DB03 /* PokedexTests.swift */,
			);
			path = PokedexTests;
			sourceTree = "<group>";
		};
		E5548637274E919F0015DB03 /* PokedexUITests */ = {
			isa = PBXGroup;
			children = (
				E5548638274E919F0015DB03 /* PokedexUITests.swift */,
				E554863A274E919F0015DB03 /* PokedexUITestsLaunchTests.swift */,
			);
			path = PokedexUITests;
			sourceTree = "<group>";
		};
		E5E09395274EA34400694309 /* Core */ = {
			isa = PBXGroup;
			children = (
				E5E09396274EA34400694309 /* Environment.swift */,
				E5E09397274EA34400694309 /* Environments */,
				E5E0939A274EA34400694309 /* Networking */,
				E5E093A1274EA34400694309 /* Operations */,
				E5E093AA274EA34400694309 /* Common */,
				E5E093AE274EA34500694309 /* Core.swift */,
				E5E093AF274EA34500694309 /* Caching */,
				E5E093B4274EA34500694309 /* Services */,
			);
			path = Core;
			sourceTree = "<group>";
		};
		E5E09397274EA34400694309 /* Environments */ = {
			isa = PBXGroup;
			children = (
				E5E09398274EA34400694309 /* MainEnvironment.swift */,
			);
			path = Environments;
			sourceTree = "<group>";
		};
		E5E0939A274EA34400694309 /* Networking */ = {
			isa = PBXGroup;
			children = (
				E5E0939B274EA34400694309 /* URLSession */,
			);
			path = Networking;
			sourceTree = "<group>";
		};
		E5E0939B274EA34400694309 /* URLSession */ = {
			isa = PBXGroup;
			children = (
				E5E0939C274EA34400694309 /* URLSessionOperation.swift */,
				E5E0939D274EA34400694309 /* NetworkResponse.swift */,
				E5E0939E274EA34400694309 /* Network.swift */,
				E5E0939F274EA34400694309 /* URLSessionNetwork.swift */,
				E5E093A0274EA34400694309 /* NetworkRequest.swift */,
			);
			path = URLSession;
			sourceTree = "<group>";
		};
		E5E093A1274EA34400694309 /* Operations */ = {
			isa = PBXGroup;
			children = (
				E5E093A2274EA34400694309 /* Core Operations */,
				E5E093A6274EA34400694309 /* Base Operations */,
			);
			path = Operations;
			sourceTree = "<group>";
		};
		E5E093A2274EA34400694309 /* Core Operations */ = {
			isa = PBXGroup;
			children = (
				E5E093A3274EA34400694309 /* StatusCodeOperation.swift */,
				E5E093A4274EA34400694309 /* NetworkOperation.swift */,
				E5E093A5274EA34400694309 /* MappingOperation.swift */,
			);
			path = "Core Operations";
			sourceTree = "<group>";
		};
		E5E093A6274EA34400694309 /* Base Operations */ = {
			isa = PBXGroup;
			children = (
				E5E093A7274EA34400694309 /* OperationPromise.swift */,
				E5E093A8274EA34400694309 /* StandardOperation.swift */,
				E5E093A9274EA34400694309 /* BaseOperations.swift */,
			);
			path = "Base Operations";
			sourceTree = "<group>";
		};
		E5E093AA274EA34400694309 /* Common */ = {
			isa = PBXGroup;
			children = (
				E5E093AD274EA34500694309 /* Result.swift */,
			);
			path = Common;
			sourceTree = "<group>";
		};
		E5E093AF274EA34500694309 /* Caching */ = {
			isa = PBXGroup;
			children = (
				E5E093B0274EA34500694309 /* Statistics.swift */,
				E5E093B1274EA34500694309 /* CacheObject.swift */,
				E5E093B2274EA34500694309 /* NetworkCache.swift */,
			);
			path = Caching;
			sourceTree = "<group>";
		};
		E5E093B4274EA34500694309 /* Services */ = {
			isa = PBXGroup;
			children = (
				E5E093B5274EA34500694309 /* Base Services */,
			);
			path = Services;
			sourceTree = "<group>";
		};
		E5E093B5274EA34500694309 /* Base Services */ = {
			isa = PBXGroup;
			children = (
				E5E093B6274EA34500694309 /* BaseService.swift */,
				E5E093B7274EA34500694309 /* ServiceError.swift */,
			);
			path = "Base Services";
			sourceTree = "<group>";
		};
		E5E093CF274EA49E00694309 /* Sources */ = {
			isa = PBXGroup;
			children = (
				E5E7DA18274FD68C00606A7F /* Controllers */,
				E5E093D0274EA49E00694309 /* Layout */,
				E5E093DD274EA49E00694309 /* Navigation */,
				E5E0942B274EA49E00694309 /* Presentation */,
			);
			path = Sources;
			sourceTree = "<group>";
		};
		E5E093D0274EA49E00694309 /* Layout */ = {
			isa = PBXGroup;
			children = (
				E544DD62274EF41E005B18E5 /* Layout+extension */,
				E5E093D1274EA49E00694309 /* TextLayoutCombiner.swift */,
				E5E093D7274EA49E00694309 /* TextFieldLayout.swift */,
				E5E093D8274EA49E00694309 /* ColorLayout.swift */,
				E5E093D9274EA49E00694309 /* ButtonLayout.swift */,
				E5E093DA274EA49E00694309 /* TextViewLayout.swift */,
				E5E093DB274EA49E00694309 /* TextLayout.swift */,
				E5E093DC274EA49E00694309 /* FontLayout.swift */,
			);
			path = Layout;
			sourceTree = "<group>";
		};
		E5E093DD274EA49E00694309 /* Navigation */ = {
			isa = PBXGroup;
			children = (
				E5E093DE274EA49E00694309 /* Coordinator */,
				E5E093E2274EA49E00694309 /* StandardNavigator.swift */,
				E5E093E3274EA49E00694309 /* Context.swift */,
				E5E093E4274EA49E00694309 /* Navigator.swift */,
			);
			path = Navigation;
			sourceTree = "<group>";
		};
		E5E093DE274EA49E00694309 /* Coordinator */ = {
			isa = PBXGroup;
			children = (
				E5E093DF274EA49E00694309 /* VoidCoordiantor.swift */,
				E5E093E0274EA49E00694309 /* BaseCoordinator.swift */,
				E5E093E1274EA49E00694309 /* Coordinator.swift */,
			);
			path = Coordinator;
			sourceTree = "<group>";
		};
		E5E0942B274EA49E00694309 /* Presentation */ = {
			isa = PBXGroup;
			children = (
				E5E0942C274EA49E00694309 /* Messenger.swift */,
				E5E0942D274EA49E00694309 /* StandardMessenger.swift */,
			);
			path = Presentation;
			sourceTree = "<group>";
		};
		E5E094A6274EA4AE00694309 /* Common */ = {
			isa = PBXGroup;
			children = (
				E5E094A7274EA4AE00694309 /* Extensions */,
				E5E094B3274EA4AE00694309 /* Container */,
				E5E094B6274EA4AE00694309 /* Session */,
				E5E094B9274EA4AE00694309 /* Localization */,
			);
			path = Common;
			sourceTree = "<group>";
		};
		E5E094A7274EA4AE00694309 /* Extensions */ = {
			isa = PBXGroup;
			children = (
				E5E094A8274EA4AE00694309 /* UIView.swift */,
				E5E094A9274EA4AE00694309 /* RawRepresentable.swift */,
				E5E094AB274EA4AE00694309 /* Dictionary.swift */,
				E5E094AC274EA4AE00694309 /* String.swift */,
				E5E094AD274EA4AE00694309 /* UIButton.swift */,
				E5E094B0274EA4AE00694309 /* DateFormatter.swift */,
				E5E094B2274EA4AE00694309 /* Optional.swift */,
			);
			path = Extensions;
			sourceTree = "<group>";
		};
		E5E094B3274EA4AE00694309 /* Container */ = {
			isa = PBXGroup;
			children = (
				E5E094B4274EA4AE00694309 /* ComponentContainer.swift */,
				E5E094B5274EA4AE00694309 /* Container.swift */,
			);
			path = Container;
			sourceTree = "<group>";
		};
		E5E094B6274EA4AE00694309 /* Session */ = {
			isa = PBXGroup;
			children = (
				E5E094B7274EA4AE00694309 /* SessionServiceCore.swift */,
				E5E094B8274EA4AE00694309 /* SessionService.swift */,
			);
			path = Session;
			sourceTree = "<group>";
		};
		E5E094B9274EA4AE00694309 /* Localization */ = {
			isa = PBXGroup;
			children = (
				E5E094BA274EA4AE00694309 /* Localizable.strings */,
				E5E094BB274EA4AE00694309 /* Localizer.swift */,
			);
			path = Localization;
			sourceTree = "<group>";
		};
		E5E7DA18274FD68C00606A7F /* Controllers */ = {
			isa = PBXGroup;
			children = (
				E5E7DA19274FD6A300606A7F /* BaseViewController.swift */,
			);
			path = Controllers;
			sourceTree = "<group>";
		};
/* End PBXGroup section */

/* Begin PBXNativeTarget section */
		E5548613274E919B0015DB03 /* Pokedex */ = {
			isa = PBXNativeTarget;
			buildConfigurationList = E554863E274E919F0015DB03 /* Build configuration list for PBXNativeTarget "Pokedex" */;
			buildPhases = (
				E5548610274E919B0015DB03 /* Sources */,
				E5548611274E919B0015DB03 /* Frameworks */,
				E5548612274E919B0015DB03 /* Resources */,
			);
			buildRules = (
			);
			dependencies = (
			);
			name = Pokedex;
			productName = Pokedex;
			productReference = E5548614274E919B0015DB03 /* Pokedex.app */;
			productType = "com.apple.product-type.application";
		};
		E5548629274E919F0015DB03 /* PokedexTests */ = {
			isa = PBXNativeTarget;
			buildConfigurationList = E5548641274E919F0015DB03 /* Build configuration list for PBXNativeTarget "PokedexTests" */;
			buildPhases = (
				E5548626274E919F0015DB03 /* Sources */,
				E5548627274E919F0015DB03 /* Frameworks */,
				E5548628274E919F0015DB03 /* Resources */,
			);
			buildRules = (
			);
			dependencies = (
				E554862C274E919F0015DB03 /* PBXTargetDependency */,
			);
			name = PokedexTests;
			productName = PokedexTests;
			productReference = E554862A274E919F0015DB03 /* PokedexTests.xctest */;
			productType = "com.apple.product-type.bundle.unit-test";
		};
		E5548633274E919F0015DB03 /* PokedexUITests */ = {
			isa = PBXNativeTarget;
			buildConfigurationList = E5548644274E919F0015DB03 /* Build configuration list for PBXNativeTarget "PokedexUITests" */;
			buildPhases = (
				E5548630274E919F0015DB03 /* Sources */,
				E5548631274E919F0015DB03 /* Frameworks */,
				E5548632274E919F0015DB03 /* Resources */,
			);
			buildRules = (
			);
			dependencies = (
				E5548636274E919F0015DB03 /* PBXTargetDependency */,
			);
			name = PokedexUITests;
			productName = PokedexUITests;
			productReference = E5548634274E919F0015DB03 /* PokedexUITests.xctest */;
			productType = "com.apple.product-type.bundle.ui-testing";
		};
/* End PBXNativeTarget section */

/* Begin PBXProject section */
		E554860C274E919B0015DB03 /* Project object */ = {
			isa = PBXProject;
			attributes = {
				BuildIndependentTargetsInParallel = 1;
				LastSwiftUpdateCheck = 1310;
				LastUpgradeCheck = 1310;
				TargetAttributes = {
					E5548613274E919B0015DB03 = {
						CreatedOnToolsVersion = 13.1;
					};
					E5548629274E919F0015DB03 = {
						CreatedOnToolsVersion = 13.1;
						TestTargetID = E5548613274E919B0015DB03;
					};
					E5548633274E919F0015DB03 = {
						CreatedOnToolsVersion = 13.1;
						TestTargetID = E5548613274E919B0015DB03;
					};
				};
			};
			buildConfigurationList = E554860F274E919B0015DB03 /* Build configuration list for PBXProject "Pokedex" */;
			compatibilityVersion = "Xcode 13.0";
			developmentRegion = en;
			hasScannedForEncodings = 0;
			knownRegions = (
				en,
				Base,
			);
			mainGroup = E554860B274E919B0015DB03;
			productRefGroup = E5548615274E919B0015DB03 /* Products */;
			projectDirPath = "";
			projectRoot = "";
			targets = (
				E5548613274E919B0015DB03 /* Pokedex */,
				E5548629274E919F0015DB03 /* PokedexTests */,
				E5548633274E919F0015DB03 /* PokedexUITests */,
			);
		};
/* End PBXProject section */

/* Begin PBXResourcesBuildPhase section */
		E5548612274E919B0015DB03 /* Resources */ = {
			isa = PBXResourcesBuildPhase;
			buildActionMask = 2147483647;
			files = (
				E5E094CB274EA4AE00694309 /* Localizable.strings in Resources */,
				E5548624274E919E0015DB03 /* LaunchScreen.storyboard in Resources */,
				E5548621274E919E0015DB03 /* Assets.xcassets in Resources */,
				E554861F274E919B0015DB03 /* Main.storyboard in Resources */,
			);
			runOnlyForDeploymentPostprocessing = 0;
		};
		E5548628274E919F0015DB03 /* Resources */ = {
			isa = PBXResourcesBuildPhase;
			buildActionMask = 2147483647;
			files = (
			);
			runOnlyForDeploymentPostprocessing = 0;
		};
		E5548632274E919F0015DB03 /* Resources */ = {
			isa = PBXResourcesBuildPhase;
			buildActionMask = 2147483647;
			files = (
			);
			runOnlyForDeploymentPostprocessing = 0;
		};
/* End PBXResourcesBuildPhase section */

/* Begin PBXSourcesBuildPhase section */
		E5548610274E919B0015DB03 /* Sources */ = {
			isa = PBXSourcesBuildPhase;
			buildActionMask = 2147483647;
			files = (
				E554861C274E919B0015DB03 /* ViewController.swift in Sources */,
				E5E0943D274EA49E00694309 /* Context.swift in Sources */,
				E5E0943B274EA49E00694309 /* Coordinator.swift in Sources */,
				E5E093BE274EA34500694309 /* URLSessionNetwork.swift in Sources */,
				E5E094BF274EA4AE00694309 /* Dictionary.swift in Sources */,
				E5E09437274EA49E00694309 /* TextLayout.swift in Sources */,
				E5E094C0274EA4AE00694309 /* String.swift in Sources */,
				E5E09436274EA49E00694309 /* TextViewLayout.swift in Sources */,
				E5E09435274EA49E00694309 /* ButtonLayout.swift in Sources */,
				E5E093CA274EA34500694309 /* Statistics.swift in Sources */,
				E5E094C8274EA4AE00694309 /* Container.swift in Sources */,
				E5E093CC274EA34500694309 /* NetworkCache.swift in Sources */,
				E5E093BC274EA34500694309 /* NetworkResponse.swift in Sources */,
				E5E7DA1A274FD6A300606A7F /* BaseViewController.swift in Sources */,
				E5E093C9274EA34500694309 /* Core.swift in Sources */,
				E5E093B8274EA34500694309 /* Environment.swift in Sources */,
				E5E09434274EA49E00694309 /* ColorLayout.swift in Sources */,
				E5E093C4274EA34500694309 /* StandardOperation.swift in Sources */,
				E5E0943A274EA49E00694309 /* BaseCoordinator.swift in Sources */,
				E5E094CA274EA4AE00694309 /* SessionService.swift in Sources */,
				E5E093CE274EA34500694309 /* ServiceError.swift in Sources */,
				E5E094BC274EA4AE00694309 /* UIView.swift in Sources */,
				E5E093C2274EA34500694309 /* MappingOperation.swift in Sources */,
				E5E093C8274EA34500694309 /* Result.swift in Sources */,
				E5E093C0274EA34500694309 /* StatusCodeOperation.swift in Sources */,
				E5E094C6274EA4AE00694309 /* Optional.swift in Sources */,
				E5E09439274EA49E00694309 /* VoidCoordiantor.swift in Sources */,
				E5E094C9274EA4AE00694309 /* SessionServiceCore.swift in Sources */,
				E5E094C1274EA4AE00694309 /* UIButton.swift in Sources */,
				E5E09464274EA49E00694309 /* StandardMessenger.swift in Sources */,
				E5E09463274EA49E00694309 /* Messenger.swift in Sources */,
				E5E09438274EA49E00694309 /* FontLayout.swift in Sources */,
				E5E094CC274EA4AE00694309 /* Localizer.swift in Sources */,
				E5548618274E919B0015DB03 /* AppDelegate.swift in Sources */,
				E5E093C1274EA34500694309 /* NetworkOperation.swift in Sources */,
				E554861A274E919B0015DB03 /* SceneDelegate.swift in Sources */,
				E5E093BD274EA34500694309 /* Network.swift in Sources */,
				E544DD64274EF435005B18E5 /* TextLayout+Extension.swift in Sources */,
				E5E093CB274EA34500694309 /* CacheObject.swift in Sources */,
				E5E0943C274EA49E00694309 /* StandardNavigator.swift in Sources */,
				E5E0942E274EA49E00694309 /* TextLayoutCombiner.swift in Sources */,
				E5E094C7274EA4AE00694309 /* ComponentContainer.swift in Sources */,
				E5E094C4274EA4AE00694309 /* DateFormatter.swift in Sources */,
				E5E093BF274EA34500694309 /* NetworkRequest.swift in Sources */,
				E5E093C5274EA34500694309 /* BaseOperations.swift in Sources */,
				E5E094BD274EA4AE00694309 /* RawRepresentable.swift in Sources */,
				E5E0943E274EA49E00694309 /* Navigator.swift in Sources */,
				E5E093B9274EA34500694309 /* MainEnvironment.swift in Sources */,
				E5E093BB274EA34500694309 /* URLSessionOperation.swift in Sources */,
				E5E093CD274EA34500694309 /* BaseService.swift in Sources */,
				E5E09433274EA49E00694309 /* TextFieldLayout.swift in Sources */,
				E5E093C3274EA34500694309 /* OperationPromise.swift in Sources */,
			);
			runOnlyForDeploymentPostprocessing = 0;
		};
		E5548626274E919F0015DB03 /* Sources */ = {
			isa = PBXSourcesBuildPhase;
			buildActionMask = 2147483647;
			files = (
				E554862F274E919F0015DB03 /* PokedexTests.swift in Sources */,
			);
			runOnlyForDeploymentPostprocessing = 0;
		};
		E5548630274E919F0015DB03 /* Sources */ = {
			isa = PBXSourcesBuildPhase;
			buildActionMask = 2147483647;
			files = (
				E5548639274E919F0015DB03 /* PokedexUITests.swift in Sources */,
				E554863B274E919F0015DB03 /* PokedexUITestsLaunchTests.swift in Sources */,
			);
			runOnlyForDeploymentPostprocessing = 0;
		};
/* End PBXSourcesBuildPhase section */

/* Begin PBXTargetDependency section */
		E554862C274E919F0015DB03 /* PBXTargetDependency */ = {
			isa = PBXTargetDependency;
			target = E5548613274E919B0015DB03 /* Pokedex */;
			targetProxy = E554862B274E919F0015DB03 /* PBXContainerItemProxy */;
		};
		E5548636274E919F0015DB03 /* PBXTargetDependency */ = {
			isa = PBXTargetDependency;
			target = E5548613274E919B0015DB03 /* Pokedex */;
			targetProxy = E5548635274E919F0015DB03 /* PBXContainerItemProxy */;
		};
/* End PBXTargetDependency section */

/* Begin PBXVariantGroup section */
		E554861D274E919B0015DB03 /* Main.storyboard */ = {
			isa = PBXVariantGroup;
			children = (
				E554861E274E919B0015DB03 /* Base */,
			);
			name = Main.storyboard;
			sourceTree = "<group>";
		};
		E5548622274E919E0015DB03 /* LaunchScreen.storyboard */ = {
			isa = PBXVariantGroup;
			children = (
				E5548623274E919E0015DB03 /* Base */,
			);
			name = LaunchScreen.storyboard;
			sourceTree = "<group>";
		};
/* End PBXVariantGroup section */

/* Begin XCBuildConfiguration section */
		E554863C274E919F0015DB03 /* Debug */ = {
			isa = XCBuildConfiguration;
			buildSettings = {
				ALWAYS_SEARCH_USER_PATHS = NO;
				CLANG_ANALYZER_NONNULL = YES;
				CLANG_ANALYZER_NUMBER_OBJECT_CONVERSION = YES_AGGRESSIVE;
				CLANG_CXX_LANGUAGE_STANDARD = "gnu++17";
				CLANG_CXX_LIBRARY = "libc++";
				CLANG_ENABLE_MODULES = YES;
				CLANG_ENABLE_OBJC_ARC = YES;
				CLANG_ENABLE_OBJC_WEAK = YES;
				CLANG_WARN_BLOCK_CAPTURE_AUTORELEASING = YES;
				CLANG_WARN_BOOL_CONVERSION = YES;
				CLANG_WARN_COMMA = YES;
				CLANG_WARN_CONSTANT_CONVERSION = YES;
				CLANG_WARN_DEPRECATED_OBJC_IMPLEMENTATIONS = YES;
				CLANG_WARN_DIRECT_OBJC_ISA_USAGE = YES_ERROR;
				CLANG_WARN_DOCUMENTATION_COMMENTS = YES;
				CLANG_WARN_EMPTY_BODY = YES;
				CLANG_WARN_ENUM_CONVERSION = YES;
				CLANG_WARN_INFINITE_RECURSION = YES;
				CLANG_WARN_INT_CONVERSION = YES;
				CLANG_WARN_NON_LITERAL_NULL_CONVERSION = YES;
				CLANG_WARN_OBJC_IMPLICIT_RETAIN_SELF = YES;
				CLANG_WARN_OBJC_LITERAL_CONVERSION = YES;
				CLANG_WARN_OBJC_ROOT_CLASS = YES_ERROR;
				CLANG_WARN_QUOTED_INCLUDE_IN_FRAMEWORK_HEADER = YES;
				CLANG_WARN_RANGE_LOOP_ANALYSIS = YES;
				CLANG_WARN_STRICT_PROTOTYPES = YES;
				CLANG_WARN_SUSPICIOUS_MOVE = YES;
				CLANG_WARN_UNGUARDED_AVAILABILITY = YES_AGGRESSIVE;
				CLANG_WARN_UNREACHABLE_CODE = YES;
				CLANG_WARN__DUPLICATE_METHOD_MATCH = YES;
				COPY_PHASE_STRIP = NO;
				DEBUG_INFORMATION_FORMAT = dwarf;
				ENABLE_STRICT_OBJC_MSGSEND = YES;
				ENABLE_TESTABILITY = YES;
				GCC_C_LANGUAGE_STANDARD = gnu11;
				GCC_DYNAMIC_NO_PIC = NO;
				GCC_NO_COMMON_BLOCKS = YES;
				GCC_OPTIMIZATION_LEVEL = 0;
				GCC_PREPROCESSOR_DEFINITIONS = (
					"DEBUG=1",
					"$(inherited)",
				);
				GCC_WARN_64_TO_32_BIT_CONVERSION = YES;
				GCC_WARN_ABOUT_RETURN_TYPE = YES_ERROR;
				GCC_WARN_UNDECLARED_SELECTOR = YES;
				GCC_WARN_UNINITIALIZED_AUTOS = YES_AGGRESSIVE;
				GCC_WARN_UNUSED_FUNCTION = YES;
				GCC_WARN_UNUSED_VARIABLE = YES;
				IPHONEOS_DEPLOYMENT_TARGET = 15.0;
				MTL_ENABLE_DEBUG_INFO = INCLUDE_SOURCE;
				MTL_FAST_MATH = YES;
				ONLY_ACTIVE_ARCH = YES;
				SDKROOT = iphoneos;
				SWIFT_ACTIVE_COMPILATION_CONDITIONS = DEBUG;
				SWIFT_OPTIMIZATION_LEVEL = "-Onone";
			};
			name = Debug;
		};
		E554863D274E919F0015DB03 /* Release */ = {
			isa = XCBuildConfiguration;
			buildSettings = {
				ALWAYS_SEARCH_USER_PATHS = NO;
				CLANG_ANALYZER_NONNULL = YES;
				CLANG_ANALYZER_NUMBER_OBJECT_CONVERSION = YES_AGGRESSIVE;
				CLANG_CXX_LANGUAGE_STANDARD = "gnu++17";
				CLANG_CXX_LIBRARY = "libc++";
				CLANG_ENABLE_MODULES = YES;
				CLANG_ENABLE_OBJC_ARC = YES;
				CLANG_ENABLE_OBJC_WEAK = YES;
				CLANG_WARN_BLOCK_CAPTURE_AUTORELEASING = YES;
				CLANG_WARN_BOOL_CONVERSION = YES;
				CLANG_WARN_COMMA = YES;
				CLANG_WARN_CONSTANT_CONVERSION = YES;
				CLANG_WARN_DEPRECATED_OBJC_IMPLEMENTATIONS = YES;
				CLANG_WARN_DIRECT_OBJC_ISA_USAGE = YES_ERROR;
				CLANG_WARN_DOCUMENTATION_COMMENTS = YES;
				CLANG_WARN_EMPTY_BODY = YES;
				CLANG_WARN_ENUM_CONVERSION = YES;
				CLANG_WARN_INFINITE_RECURSION = YES;
				CLANG_WARN_INT_CONVERSION = YES;
				CLANG_WARN_NON_LITERAL_NULL_CONVERSION = YES;
				CLANG_WARN_OBJC_IMPLICIT_RETAIN_SELF = YES;
				CLANG_WARN_OBJC_LITERAL_CONVERSION = YES;
				CLANG_WARN_OBJC_ROOT_CLASS = YES_ERROR;
				CLANG_WARN_QUOTED_INCLUDE_IN_FRAMEWORK_HEADER = YES;
				CLANG_WARN_RANGE_LOOP_ANALYSIS = YES;
				CLANG_WARN_STRICT_PROTOTYPES = YES;
				CLANG_WARN_SUSPICIOUS_MOVE = YES;
				CLANG_WARN_UNGUARDED_AVAILABILITY = YES_AGGRESSIVE;
				CLANG_WARN_UNREACHABLE_CODE = YES;
				CLANG_WARN__DUPLICATE_METHOD_MATCH = YES;
				COPY_PHASE_STRIP = NO;
				DEBUG_INFORMATION_FORMAT = "dwarf-with-dsym";
				ENABLE_NS_ASSERTIONS = NO;
				ENABLE_STRICT_OBJC_MSGSEND = YES;
				GCC_C_LANGUAGE_STANDARD = gnu11;
				GCC_NO_COMMON_BLOCKS = YES;
				GCC_WARN_64_TO_32_BIT_CONVERSION = YES;
				GCC_WARN_ABOUT_RETURN_TYPE = YES_ERROR;
				GCC_WARN_UNDECLARED_SELECTOR = YES;
				GCC_WARN_UNINITIALIZED_AUTOS = YES_AGGRESSIVE;
				GCC_WARN_UNUSED_FUNCTION = YES;
				GCC_WARN_UNUSED_VARIABLE = YES;
				IPHONEOS_DEPLOYMENT_TARGET = 15.0;
				MTL_ENABLE_DEBUG_INFO = NO;
				MTL_FAST_MATH = YES;
				SDKROOT = iphoneos;
				SWIFT_COMPILATION_MODE = wholemodule;
				SWIFT_OPTIMIZATION_LEVEL = "-O";
				VALIDATE_PRODUCT = YES;
			};
			name = Release;
		};
		E554863F274E919F0015DB03 /* Debug */ = {
			isa = XCBuildConfiguration;
			buildSettings = {
				ASSETCATALOG_COMPILER_APPICON_NAME = AppIcon;
				ASSETCATALOG_COMPILER_GLOBAL_ACCENT_COLOR_NAME = AccentColor;
				CODE_SIGN_STYLE = Automatic;
				CURRENT_PROJECT_VERSION = 1;
				DEVELOPMENT_TEAM = 25T7KR6CEZ;
				GENERATE_INFOPLIST_FILE = YES;
				INFOPLIST_FILE = Pokedex/Info.plist;
				INFOPLIST_KEY_UIApplicationSupportsIndirectInputEvents = YES;
				INFOPLIST_KEY_UILaunchStoryboardName = LaunchScreen;
				INFOPLIST_KEY_UIMainStoryboardFile = Main;
				INFOPLIST_KEY_UISupportedInterfaceOrientations_iPad = "UIInterfaceOrientationPortrait UIInterfaceOrientationPortraitUpsideDown UIInterfaceOrientationLandscapeLeft UIInterfaceOrientationLandscapeRight";
				INFOPLIST_KEY_UISupportedInterfaceOrientations_iPhone = "UIInterfaceOrientationPortrait UIInterfaceOrientationLandscapeLeft UIInterfaceOrientationLandscapeRight";
				LD_RUNPATH_SEARCH_PATHS = (
					"$(inherited)",
					"@executable_path/Frameworks",
				);
				MARKETING_VERSION = 1.0;
				PRODUCT_BUNDLE_IDENTIFIER = Ec.Pokedex;
				PRODUCT_NAME = "$(TARGET_NAME)";
				SWIFT_EMIT_LOC_STRINGS = YES;
				SWIFT_VERSION = 5.0;
				TARGETED_DEVICE_FAMILY = "1,2";
			};
			name = Debug;
		};
		E5548640274E919F0015DB03 /* Release */ = {
			isa = XCBuildConfiguration;
			buildSettings = {
				ASSETCATALOG_COMPILER_APPICON_NAME = AppIcon;
				ASSETCATALOG_COMPILER_GLOBAL_ACCENT_COLOR_NAME = AccentColor;
				CODE_SIGN_STYLE = Automatic;
				CURRENT_PROJECT_VERSION = 1;
				DEVELOPMENT_TEAM = 25T7KR6CEZ;
				GENERATE_INFOPLIST_FILE = YES;
				INFOPLIST_FILE = Pokedex/Info.plist;
				INFOPLIST_KEY_UIApplicationSupportsIndirectInputEvents = YES;
				INFOPLIST_KEY_UILaunchStoryboardName = LaunchScreen;
				INFOPLIST_KEY_UIMainStoryboardFile = Main;
				INFOPLIST_KEY_UISupportedInterfaceOrientations_iPad = "UIInterfaceOrientationPortrait UIInterfaceOrientationPortraitUpsideDown UIInterfaceOrientationLandscapeLeft UIInterfaceOrientationLandscapeRight";
				INFOPLIST_KEY_UISupportedInterfaceOrientations_iPhone = "UIInterfaceOrientationPortrait UIInterfaceOrientationLandscapeLeft UIInterfaceOrientationLandscapeRight";
				LD_RUNPATH_SEARCH_PATHS = (
					"$(inherited)",
					"@executable_path/Frameworks",
				);
				MARKETING_VERSION = 1.0;
				PRODUCT_BUNDLE_IDENTIFIER = Ec.Pokedex;
				PRODUCT_NAME = "$(TARGET_NAME)";
				SWIFT_EMIT_LOC_STRINGS = YES;
				SWIFT_VERSION = 5.0;
				TARGETED_DEVICE_FAMILY = "1,2";
			};
			name = Release;
		};
		E5548642274E919F0015DB03 /* Debug */ = {
			isa = XCBuildConfiguration;
			buildSettings = {
				ALWAYS_EMBED_SWIFT_STANDARD_LIBRARIES = YES;
				BUNDLE_LOADER = "$(TEST_HOST)";
				CODE_SIGN_STYLE = Automatic;
				CURRENT_PROJECT_VERSION = 1;
				DEVELOPMENT_TEAM = 25T7KR6CEZ;
				GENERATE_INFOPLIST_FILE = YES;
				IPHONEOS_DEPLOYMENT_TARGET = 15.0;
				LD_RUNPATH_SEARCH_PATHS = (
					"$(inherited)",
					"@executable_path/Frameworks",
					"@loader_path/Frameworks",
				);
				MARKETING_VERSION = 1.0;
				PRODUCT_BUNDLE_IDENTIFIER = Ec.PokedexTests;
				PRODUCT_NAME = "$(TARGET_NAME)";
				SWIFT_EMIT_LOC_STRINGS = NO;
				SWIFT_VERSION = 5.0;
				TARGETED_DEVICE_FAMILY = "1,2";
				TEST_HOST = "$(BUILT_PRODUCTS_DIR)/Pokedex.app/Pokedex";
			};
			name = Debug;
		};
		E5548643274E919F0015DB03 /* Release */ = {
			isa = XCBuildConfiguration;
			buildSettings = {
				ALWAYS_EMBED_SWIFT_STANDARD_LIBRARIES = YES;
				BUNDLE_LOADER = "$(TEST_HOST)";
				CODE_SIGN_STYLE = Automatic;
				CURRENT_PROJECT_VERSION = 1;
				DEVELOPMENT_TEAM = 25T7KR6CEZ;
				GENERATE_INFOPLIST_FILE = YES;
				IPHONEOS_DEPLOYMENT_TARGET = 15.0;
				LD_RUNPATH_SEARCH_PATHS = (
					"$(inherited)",
					"@executable_path/Frameworks",
					"@loader_path/Frameworks",
				);
				MARKETING_VERSION = 1.0;
				PRODUCT_BUNDLE_IDENTIFIER = Ec.PokedexTests;
				PRODUCT_NAME = "$(TARGET_NAME)";
				SWIFT_EMIT_LOC_STRINGS = NO;
				SWIFT_VERSION = 5.0;
				TARGETED_DEVICE_FAMILY = "1,2";
				TEST_HOST = "$(BUILT_PRODUCTS_DIR)/Pokedex.app/Pokedex";
			};
			name = Release;
		};
		E5548645274E919F0015DB03 /* Debug */ = {
			isa = XCBuildConfiguration;
			buildSettings = {
				ALWAYS_EMBED_SWIFT_STANDARD_LIBRARIES = YES;
				CODE_SIGN_STYLE = Automatic;
				CURRENT_PROJECT_VERSION = 1;
				DEVELOPMENT_TEAM = 25T7KR6CEZ;
				GENERATE_INFOPLIST_FILE = YES;
				LD_RUNPATH_SEARCH_PATHS = (
					"$(inherited)",
					"@executable_path/Frameworks",
					"@loader_path/Frameworks",
				);
				MARKETING_VERSION = 1.0;
				PRODUCT_BUNDLE_IDENTIFIER = Ec.PokedexUITests;
				PRODUCT_NAME = "$(TARGET_NAME)";
				SWIFT_EMIT_LOC_STRINGS = NO;
				SWIFT_VERSION = 5.0;
				TARGETED_DEVICE_FAMILY = "1,2";
				TEST_TARGET_NAME = Pokedex;
			};
			name = Debug;
		};
		E5548646274E919F0015DB03 /* Release */ = {
			isa = XCBuildConfiguration;
			buildSettings = {
				ALWAYS_EMBED_SWIFT_STANDARD_LIBRARIES = YES;
				CODE_SIGN_STYLE = Automatic;
				CURRENT_PROJECT_VERSION = 1;
				DEVELOPMENT_TEAM = 25T7KR6CEZ;
				GENERATE_INFOPLIST_FILE = YES;
				LD_RUNPATH_SEARCH_PATHS = (
					"$(inherited)",
					"@executable_path/Frameworks",
					"@loader_path/Frameworks",
				);
				MARKETING_VERSION = 1.0;
				PRODUCT_BUNDLE_IDENTIFIER = Ec.PokedexUITests;
				PRODUCT_NAME = "$(TARGET_NAME)";
				SWIFT_EMIT_LOC_STRINGS = NO;
				SWIFT_VERSION = 5.0;
				TARGETED_DEVICE_FAMILY = "1,2";
				TEST_TARGET_NAME = Pokedex;
			};
			name = Release;
		};
/* End XCBuildConfiguration section */

/* Begin XCConfigurationList section */
		E554860F274E919B0015DB03 /* Build configuration list for PBXProject "Pokedex" */ = {
			isa = XCConfigurationList;
			buildConfigurations = (
				E554863C274E919F0015DB03 /* Debug */,
				E554863D274E919F0015DB03 /* Release */,
			);
			defaultConfigurationIsVisible = 0;
			defaultConfigurationName = Release;
		};
		E554863E274E919F0015DB03 /* Build configuration list for PBXNativeTarget "Pokedex" */ = {
			isa = XCConfigurationList;
			buildConfigurations = (
				E554863F274E919F0015DB03 /* Debug */,
				E5548640274E919F0015DB03 /* Release */,
			);
			defaultConfigurationIsVisible = 0;
			defaultConfigurationName = Release;
		};
		E5548641274E919F0015DB03 /* Build configuration list for PBXNativeTarget "PokedexTests" */ = {
			isa = XCConfigurationList;
			buildConfigurations = (
				E5548642274E919F0015DB03 /* Debug */,
				E5548643274E919F0015DB03 /* Release */,
			);
			defaultConfigurationIsVisible = 0;
			defaultConfigurationName = Release;
		};
		E5548644274E919F0015DB03 /* Build configuration list for PBXNativeTarget "PokedexUITests" */ = {
			isa = XCConfigurationList;
			buildConfigurations = (
				E5548645274E919F0015DB03 /* Debug */,
				E5548646274E919F0015DB03 /* Release */,
			);
			defaultConfigurationIsVisible = 0;
			defaultConfigurationName = Release;
		};
/* End XCConfigurationList section */
	};
	rootObject = E554860C274E919B0015DB03 /* Project object */;
}
